// !$*UTF8*$!
{
	archiveVersion = 1;
	classes = {
	};
	objectVersion = 50;
	objects = {

/* Begin PBXFileReference section */
		9A23D921263858AD00E0E8EC /* Trial_On_Github */ = {isa = PBXFileReference; lastKnownFileType = folder; path = Trial_On_Github; sourceTree = "<group>"; };
		9A23D922263858F100E0E8EC /* test_sample.py */ = {isa = PBXFileReference; lastKnownFileType = text.script.python; path = test_sample.py; sourceTree = "<group>"; };
		9A9C88882619FB13002900C4 /* test.py */ = {isa = PBXFileReference; lastKnownFileType = text.script.python; path = test.py; sourceTree = "<group>"; };
		9AF8160E26385CFA0055B31B /* test_sysexit.py */ = {isa = PBXFileReference; lastKnownFileType = text.script.python; path = test_sysexit.py; sourceTree = "<group>"; };
/* End PBXFileReference section */

/* Begin PBXGroup section */
		9A9C88812619F8B4002900C4 = {
			isa = PBXGroup;
			children = (
				9AF8160E26385CFA0055B31B /* test_sysexit.py */,
				9A23D922263858F100E0E8EC /* test_sample.py */,
				9A23D921263858AD00E0E8EC /* Trial_On_Github */,
				9A9C88882619FB13002900C4 /* test.py */,
			);
			sourceTree = "<group>";
		};
/* End PBXGroup section */

/* Begin PBXProject section */
		9A9C88822619F8B4002900C4 /* Project object */ = {
			isa = PBXProject;
			attributes = {
				LastUpgradeCheck = 1240;
			};
			buildConfigurationList = 9A9C88852619F8B4002900C4 /* Build configuration list for PBXProject "Trial_On_Github" */;
			compatibilityVersion = "Xcode 9.3";
			developmentRegion = en;
			hasScannedForEncodings = 0;
			knownRegions = (
				en,
				Base,
			);
			mainGroup = 9A9C88812619F8B4002900C4;
			projectDirPath = "";
			projectRoot = "";
			targets = (
			);
		};
/* End PBXProject section */

/* Begin XCBuildConfiguration section */
		9A9C88862619F8B4002900C4 /* Debug */ = {
			isa = XCBuildConfiguration;
			buildSettings = {
			};
			name = Debug;
		};
		9A9C88872619F8B4002900C4 /* Release */ = {
			isa = XCBuildConfiguration;
			buildSettings = {
			};
			name = Release;
		};
/* End XCBuildConfiguration section */

/* Begin XCConfigurationList section */
		9A9C88852619F8B4002900C4 /* Build configuration list for PBXProject "Trial_On_Github" */ = {
			isa = XCConfigurationList;
			buildConfigurations = (
				9A9C88862619F8B4002900C4 /* Debug */,
				9A9C88872619F8B4002900C4 /* Release */,
			);
			defaultConfigurationIsVisible = 0;
			defaultConfigurationName = Release;
		};
/* End XCConfigurationList section */
	};
	rootObject = 9A9C88822619F8B4002900C4 /* Project object */;
}
